# Pipelock config for the tool-response-injection example.
#
# demo.py reuses this file for three transport surfaces:
#   * MCP stdio subprocess proxy
#   * MCP HTTP upstream proxy
#   * HTTP fetch proxy
#
# The point is to keep the example focused on response scanning and signed
# receipts, not on unrelated URL defenses.

version: 1
mode: balanced

# Explicit empty list preserves "no internal CIDR defaults". We still add a
# loopback ip_allowlist below because the scanner keeps a core literal-IP SSRF
# floor even when internal: [] is set.
internal: []

ssrf:
  ip_allowlist:
    - 127.0.0.1/32

# Keep non-response layers out of the story unless the demo is testing them.
# This disables the standard DLP bundle for the demo while preserving the
# immutable core safety floor baked into the scanner.
dlp:
  scan_env: false
  include_defaults: false

response_scanning:
  enabled: true
  action: block
  include_defaults: true

mcp_input_scanning:
  enabled: true
  action: warn

mcp_tool_scanning:
  enabled: true
  action: warn
  detect_drift: false

mcp_tool_policy:
  enabled: false

flight_recorder:
  enabled: true
  dir: ./evidence
  checkpoint_interval: 100
  retention_days: 0
  redact: true
  sign_checkpoints: true
  max_entries_per_file: 10000
  signing_key_path: ./signing.key
